// !$*UTF8*$!
{
	archiveVersion = 1;
	classes = {
	};
	objectVersion = 46;
	objects = {

/* Begin PBXBuildFile section */
		CA6EDC061C024B8F000F5DEF /* main.cpp in Sources */ = {isa = PBXBuildFile; fileRef = CA6EDC051C024B8F000F5DEF /* main.cpp */; };
		CA6EDC0D1C024BA9000F5DEF /* GLUT.framework in Frameworks */ = {isa = PBXBuildFile; fileRef = CA6EDC0C1C024BA9000F5DEF /* GLUT.framework */; };
		CA6EDC0F1C024BAF000F5DEF /* OpenGL.framework in Frameworks */ = {isa = PBXBuildFile; fileRef = CA6EDC0E1C024BAF000F5DEF /* OpenGL.framework */; };
		CA6EDC171C024D5D000F5DEF /* glm.cpp in Sources */ = {isa = PBXBuildFile; fileRef = CA6EDC151C024D5D000F5DEF /* glm.cpp */; };
		CA6EDC1A1C024E04000F5DEF /* trackball.cpp in Sources */ = {isa = PBXBuildFile; fileRef = CA6EDC181C024E04000F5DEF /* trackball.cpp */; };
/* End PBXBuildFile section */

/* Begin PBXCopyFilesBuildPhase section */
		CA6EDC001C024B8F000F5DEF /* CopyFiles */ = {
			isa = PBXCopyFilesBuildPhase;
			buildActionMask = 2147483647;
			dstPath = /usr/share/man/man1/;
			dstSubfolderSpec = 0;
			files = (
			);
			runOnlyForDeploymentPostprocessing = 1;
		};
/* End PBXCopyFilesBuildPhase section */

/* Begin PBXFileReference section */
		CA6EDC021C024B8F000F5DEF /* OpenGL_Read_in_obj */ = {isa = PBXFileReference; explicitFileType = "compiled.mach-o.executable"; includeInIndex = 0; path = OpenGL_Read_in_obj; sourceTree = BUILT_PRODUCTS_DIR; };
		CA6EDC051C024B8F000F5DEF /* main.cpp */ = {isa = PBXFileReference; lastKnownFileType = sourcecode.cpp.cpp; path = main.cpp; sourceTree = "<group>"; };
		CA6EDC0C1C024BA9000F5DEF /* GLUT.framework */ = {isa = PBXFileReference; lastKnownFileType = wrapper.framework; name = GLUT.framework; path = System/Library/Frameworks/GLUT.framework; sourceTree = SDKROOT; };
		CA6EDC0E1C024BAF000F5DEF /* OpenGL.framework */ = {isa = PBXFileReference; lastKnownFileType = wrapper.framework; name = OpenGL.framework; path = System/Library/Frameworks/OpenGL.framework; sourceTree = SDKROOT; };
		CA6EDC151C024D5D000F5DEF /* glm.cpp */ = {isa = PBXFileReference; fileEncoding = 4; lastKnownFileType = sourcecode.cpp.cpp; path = glm.cpp; sourceTree = "<group>"; };
		CA6EDC161C024D5D000F5DEF /* glm.hpp */ = {isa = PBXFileReference; fileEncoding = 4; lastKnownFileType = sourcecode.cpp.h; path = glm.hpp; sourceTree = "<group>"; };
		CA6EDC181C024E04000F5DEF /* trackball.cpp */ = {isa = PBXFileReference; fileEncoding = 4; lastKnownFileType = sourcecode.cpp.cpp; path = trackball.cpp; sourceTree = "<group>"; };
		CA6EDC1C1C0253C4000F5DEF /* trackball.h */ = {isa = PBXFileReference; fileEncoding = 4; lastKnownFileType = sourcecode.c.h; path = trackball.h; sourceTree = "<group>"; };
/* End PBXFileReference section */

/* Begin PBXFrameworksBuildPhase section */
		CA6EDBFF1C024B8F000F5DEF /* Frameworks */ = {
			isa = PBXFrameworksBuildPhase;
			buildActionMask = 2147483647;
			files = (
				CA6EDC0F1C024BAF000F5DEF /* OpenGL.framework in Frameworks */,
				CA6EDC0D1C024BA9000F5DEF /* GLUT.framework in Frameworks */,
			);
			runOnlyForDeploymentPostprocessing = 0;
		};
/* End PBXFrameworksBuildPhase section */

/* Begin PBXGroup section */
		CA6EDBF91C024B8F000F5DEF = {
			isa = PBXGroup;
			children = (
				CA6EDC0E1C024BAF000F5DEF /* OpenGL.framework */,
				CA6EDC0C1C024BA9000F5DEF /* GLUT.framework */,
				CA6EDC041C024B8F000F5DEF /* OpenGL_Read_in_obj */,
				CA6EDC031C024B8F000F5DEF /* Products */,
			);
			sourceTree = "<group>";
		};
		CA6EDC031C024B8F000F5DEF /* Products */ = {
			isa = PBXGroup;
			children = (
				CA6EDC021C024B8F000F5DEF /* OpenGL_Read_in_obj */,
			);
			name = Products;
			sourceTree = "<group>";
		};
		CA6EDC041C024B8F000F5DEF /* OpenGL_Read_in_obj */ = {
			isa = PBXGroup;
			children = (
				CA6EDC1C1C0253C4000F5DEF /* trackball.h */,
				CA6EDC181C024E04000F5DEF /* trackball.cpp */,
				CA6EDC051C024B8F000F5DEF /* main.cpp */,
				CA6EDC151C024D5D000F5DEF /* glm.cpp */,
				CA6EDC161C024D5D000F5DEF /* glm.hpp */,
			);
			path = OpenGL_Read_in_obj;
			sourceTree = "<group>";
		};
/* End PBXGroup section */

/* Begin PBXNativeTarget section */
		CA6EDC011C024B8F000F5DEF /* OpenGL_Read_in_obj */ = {
			isa = PBXNativeTarget;
			buildConfigurationList = CA6EDC091C024B8F000F5DEF /* Build configuration list for PBXNativeTarget "OpenGL_Read_in_obj" */;
			buildPhases = (
				CA6EDBFE1C024B8F000F5DEF /* Sources */,
				CA6EDBFF1C024B8F000F5DEF /* Frameworks */,
				CA6EDC001C024B8F000F5DEF /* CopyFiles */,
			);
			buildRules = (
			);
			dependencies = (
			);
			name = OpenGL_Read_in_obj;
			productName = OpenGL_Read_in_obj;
			productReference = CA6EDC021C024B8F000F5DEF /* OpenGL_Read_in_obj */;
			productType = "com.apple.product-type.tool";
		};
/* End PBXNativeTarget section */

/* Begin PBXProject section */
		CA6EDBFA1C024B8F000F5DEF /* Project object */ = {
			isa = PBXProject;
			attributes = {
				LastUpgradeCheck = 0710;
				ORGANIZATIONNAME = "Kieran Will";
				TargetAttributes = {
					CA6EDC011C024B8F000F5DEF = {
						CreatedOnToolsVersion = 7.1.1;
					};
				};
			};
			buildConfigurationList = CA6EDBFD1C024B8F000F5DEF /* Build configuration list for PBXProject "OpenGL_Read_in_obj" */;
			compatibilityVersion = "Xcode 3.2";
			developmentRegion = English;
			hasScannedForEncodings = 0;
			knownRegions = (
				en,
			);
			mainGroup = CA6EDBF91C024B8F000F5DEF;
			productRefGroup = CA6EDC031C024B8F000F5DEF /* Products */;
			projectDirPath = "";
			projectRoot = "";
			targets = (
				CA6EDC011C024B8F000F5DEF /* OpenGL_Read_in_obj */,
			);
		};
/* End PBXProject section */

/* Begin PBXSourcesBuildPhase section */
		CA6EDBFE1C024B8F000F5DEF /* Sources */ = {
			isa = PBXSourcesBuildPhase;
			buildActionMask = 2147483647;
			files = (
				CA6EDC171C024D5D000F5DEF /* glm.cpp in Sources */,
				CA6EDC061C024B8F000F5DEF /* main.cpp in Sources */,
				CA6EDC1A1C024E04000F5DEF /* trackball.cpp in Sources */,
			);
			runOnlyForDeploymentPostprocessing = 0;
		};
/* End PBXSourcesBuildPhase section */

/* Begin XCBuildConfiguration section */
		CA6EDC071C024B8F000F5DEF /* Debug */ = {
			isa = XCBuildConfiguration;
			buildSettings = {
				ALWAYS_SEARCH_USER_PATHS = NO;
				CLANG_CXX_LANGUAGE_STANDARD = "gnu++0x";
				CLANG_CXX_LIBRARY = "libc++";
				CLANG_ENABLE_MODULES = YES;
				CLANG_ENABLE_OBJC_ARC = YES;
				CLANG_WARN_BOOL_CONVERSION = YES;
				CLANG_WARN_CONSTANT_CONVERSION = YES;
				CLANG_WARN_DIRECT_OBJC_ISA_USAGE = YES_ERROR;
				CLANG_WARN_EMPTY_BODY = YES;
				CLANG_WARN_ENUM_CONVERSION = YES;
				CLANG_WARN_INT_CONVERSION = YES;
				CLANG_WARN_OBJC_ROOT_CLASS = YES_ERROR;
				CLANG_WARN_UNREACHABLE_CODE = YES;
				CLANG_WARN__DUPLICATE_METHOD_MATCH = YES;
				CODE_SIGN_IDENTITY = "-";
				COPY_PHASE_STRIP = NO;
				DEBUG_INFORMATION_FORMAT = dwarf;
				ENABLE_STRICT_OBJC_MSGSEND = YES;
				ENABLE_TESTABILITY = YES;
				GCC_C_LANGUAGE_STANDARD = gnu99;
				GCC_DYNAMIC_NO_PIC = NO;
				GCC_NO_COMMON_BLOCKS = YES;
				GCC_OPTIMIZATION_LEVEL = 0;
				GCC_PREPROCESSOR_DEFINITIONS = (
					"DEBUG=1",
					"$(inherited)",
				);
				GCC_WARN_64_TO_32_BIT_CONVERSION = YES;
				GCC_WARN_ABOUT_RETURN_TYPE = YES_ERROR;
				GCC_WARN_UNDECLARED_SELECTOR = YES;
				GCC_WARN_UNINITIALIZED_AUTOS = YES_AGGRESSIVE;
				GCC_WARN_UNUSED_FUNCTION = YES;
				GCC_WARN_UNUSED_VARIABLE = YES;
				MACOSX_DEPLOYMENT_TARGET = 10.11;
				MTL_ENABLE_DEBUG_INFO = YES;
				ONLY_ACTIVE_ARCH = YES;
				SDKROOT = macosx;
			};
			name = Debug;
		};
		CA6EDC081C024B8F000F5DEF /* Release */ = {
			isa = XCBuildConfiguration;
			buildSettings = {
				ALWAYS_SEARCH_USER_PATHS = NO;
				CLANG_CXX_LANGUAGE_STANDARD = "gnu++0x";
				CLANG_CXX_LIBRARY = "libc++";
				CLANG_ENABLE_MODULES = YES;
				CLANG_ENABLE_OBJC_ARC = YES;
				CLANG_WARN_BOOL_CONVERSION = YES;
				CLANG_WARN_CONSTANT_CONVERSION = YES;
				CLANG_WARN_DIRECT_OBJC_ISA_USAGE = YES_ERROR;
				CLANG_WARN_EMPTY_BODY = YES;
				CLANG_WARN_ENUM_CONVERSION = YES;
				CLANG_WARN_INT_CONVERSION = YES;
				CLANG_WARN_OBJC_ROOT_CLASS = YES_ERROR;
				CLANG_WARN_UNREACHABLE_CODE = YES;
				CLANG_WARN__DUPLICATE_METHOD_MATCH = YES;
				CODE_SIGN_IDENTITY = "-";
				COPY_PHASE_STRIP = NO;
				DEBUG_INFORMATION_FORMAT = "dwarf-with-dsym";
				ENABLE_NS_ASSERTIONS = NO;
				ENABLE_STRICT_OBJC_MSGSEND = YES;
				GCC_C_LANGUAGE_STANDARD = gnu99;
				GCC_NO_COMMON_BLOCKS = YES;
				GCC_WARN_64_TO_32_BIT_CONVERSION = YES;
				GCC_WARN_ABOUT_RETURN_TYPE = YES_ERROR;
				GCC_WARN_UNDECLARED_SELECTOR = YES;
				GCC_WARN_UNINITIALIZED_AUTOS = YES_AGGRESSIVE;
				GCC_WARN_UNUSED_FUNCTION = YES;
				GCC_WARN_UNUSED_VARIABLE = YES;
				MACOSX_DEPLOYMENT_TARGET = 10.11;
				MTL_ENABLE_DEBUG_INFO = NO;
				SDKROOT = macosx;
			};
			name = Release;
		};
		CA6EDC0A1C024B8F000F5DEF /* Debug */ = {
			isa = XCBuildConfiguration;
			buildSettings = {
				PRODUCT_NAME = "$(TARGET_NAME)";
			};
			name = Debug;
		};
		CA6EDC0B1C024B8F000F5DEF /* Release */ = {
			isa = XCBuildConfiguration;
			buildSettings = {
				PRODUCT_NAME = "$(TARGET_NAME)";
			};
			name = Release;
		};
/* End XCBuildConfiguration section */

/* Begin XCConfigurationList section */
		CA6EDBFD1C024B8F000F5DEF /* Build configuration list for PBXProject "OpenGL_Read_in_obj" */ = {
			isa = XCConfigurationList;
			buildConfigurations = (
				CA6EDC071C024B8F000F5DEF /* Debug */,
				CA6EDC081C024B8F000F5DEF /* Release */,
			);
			defaultConfigurationIsVisible = 0;
			defaultConfigurationName = Release;
		};
		CA6EDC091C024B8F000F5DEF /* Build configuration list for PBXNativeTarget "OpenGL_Read_in_obj" */ = {
			isa = XCConfigurationList;
			buildConfigurations = (
				CA6EDC0A1C024B8F000F5DEF /* Debug */,
				CA6EDC0B1C024B8F000F5DEF /* Release */,
			);
			defaultConfigurationIsVisible = 0;
		};
/* End XCConfigurationList section */
	};
	rootObject = CA6EDBFA1C024B8F000F5DEF /* Project object */;
}
